
Microsoft Visual Studio Solution File, Format Version 12.00
# Visual Studio 15
VisualStudioVersion = 15.0.26124.0
MinimumVisualStudioVersion = 15.0.26124.0
Project("{2150E333-8FDC-42A3-9474-1A3956D46DE8}") = "src", "src", "{E09D183B-41F6-4740-A624-4BDE4E46F2A4}"
EndProject
Project("{FAE04EC0-301F-11D3-BF4B-00C04F79EFBC}") = "ClimbingRoutes.Console", "src\ClimbingRoutes.Console\ClimbingRoutes.Console.csproj", "{743943E5-DA5A-4C2C-BF35-02178109B624}"
EndProject
Project("{FAE04EC0-301F-11D3-BF4B-00C04F79EFBC}") = "ClimbingRoutes.Database", "src\ClimbingRoutes.Database\ClimbingRoutes.Database.csproj", "{F930F379-D0EE-4217-AE75-8A0B93A32774}"
EndProject
Project("{2150E333-8FDC-42A3-9474-1A3956D46DE8}") = "test", "test", "{9545DE42-6838-49D4-BD7F-FE1297D36D7B}"
EndProject
Project("{FAE04EC0-301F-11D3-BF4B-00C04F79EFBC}") = "ClimbingRoutes.Database.Test", "test\ClimbingRoutes.Database.Test\ClimbingRoutes.Database.Test.csproj", "{CD27C899-94DA-4D31-8F70-F51DED4314ED}"
EndProject
Project("{FAE04EC0-301F-11D3-BF4B-00C04F79EFBC}") = "ClimbingRoutes.API", "src\ClimbingRoutes.API\ClimbingRoutes.API.csproj", "{5A06747D-2511-41BC-8458-A64B05338FD0}"
EndProject
Global
	GlobalSection(SolutionConfigurationPlatforms) = preSolution
		Debug|Any CPU = Debug|Any CPU
		Debug|x64 = Debug|x64
		Debug|x86 = Debug|x86
		Release|Any CPU = Release|Any CPU
		Release|x64 = Release|x64
		Release|x86 = Release|x86
	EndGlobalSection
	GlobalSection(SolutionProperties) = preSolution
		HideSolutionNode = FALSE
	EndGlobalSection
	GlobalSection(ProjectConfigurationPlatforms) = postSolution
		{743943E5-DA5A-4C2C-BF35-02178109B624}.Debug|Any CPU.ActiveCfg = Debug|Any CPU
		{743943E5-DA5A-4C2C-BF35-02178109B624}.Debug|Any CPU.Build.0 = Debug|Any CPU
		{743943E5-DA5A-4C2C-BF35-02178109B624}.Debug|x64.ActiveCfg = Debug|Any CPU
		{743943E5-DA5A-4C2C-BF35-02178109B624}.Debug|x64.Build.0 = Debug|Any CPU
		{743943E5-DA5A-4C2C-BF35-02178109B624}.Debug|x86.ActiveCfg = Debug|Any CPU
		{743943E5-DA5A-4C2C-BF35-02178109B624}.Debug|x86.Build.0 = Debug|Any CPU
		{743943E5-DA5A-4C2C-BF35-02178109B624}.Release|Any CPU.ActiveCfg = Release|Any CPU
		{743943E5-DA5A-4C2C-BF35-02178109B624}.Release|Any CPU.Build.0 = Release|Any CPU
		{743943E5-DA5A-4C2C-BF35-02178109B624}.Release|x64.ActiveCfg = Release|Any CPU
		{743943E5-DA5A-4C2C-BF35-02178109B624}.Release|x64.Build.0 = Release|Any CPU
		{743943E5-DA5A-4C2C-BF35-02178109B624}.Release|x86.ActiveCfg = Release|Any CPU
		{743943E5-DA5A-4C2C-BF35-02178109B624}.Release|x86.Build.0 = Release|Any CPU
		{F930F379-D0EE-4217-AE75-8A0B93A32774}.Debug|Any CPU.ActiveCfg = Debug|Any CPU
		{F930F379-D0EE-4217-AE75-8A0B93A32774}.Debug|Any CPU.Build.0 = Debug|Any CPU
		{F930F379-D0EE-4217-AE75-8A0B93A32774}.Debug|x64.ActiveCfg = Debug|Any CPU
		{F930F379-D0EE-4217-AE75-8A0B93A32774}.Debug|x64.Build.0 = Debug|Any CPU
		{F930F379-D0EE-4217-AE75-8A0B93A32774}.Debug|x86.ActiveCfg = Debug|Any CPU
		{F930F379-D0EE-4217-AE75-8A0B93A32774}.Debug|x86.Build.0 = Debug|Any CPU
		{F930F379-D0EE-4217-AE75-8A0B93A32774}.Release|Any CPU.ActiveCfg = Release|Any CPU
		{F930F379-D0EE-4217-AE75-8A0B93A32774}.Release|Any CPU.Build.0 = Release|Any CPU
		{F930F379-D0EE-4217-AE75-8A0B93A32774}.Release|x64.ActiveCfg = Release|Any CPU
		{F930F379-D0EE-4217-AE75-8A0B93A32774}.Release|x64.Build.0 = Release|Any CPU
		{F930F379-D0EE-4217-AE75-8A0B93A32774}.Release|x86.ActiveCfg = Release|Any CPU
		{F930F379-D0EE-4217-AE75-8A0B93A32774}.Release|x86.Build.0 = Release|Any CPU
		{CD27C899-94DA-4D31-8F70-F51DED4314ED}.Debug|Any CPU.ActiveCfg = Debug|Any CPU
		{CD27C899-94DA-4D31-8F70-F51DED4314ED}.Debug|Any CPU.Build.0 = Debug|Any CPU
		{CD27C899-94DA-4D31-8F70-F51DED4314ED}.Debug|x64.ActiveCfg = Debug|Any CPU
		{CD27C899-94DA-4D31-8F70-F51DED4314ED}.Debug|x64.Build.0 = Debug|Any CPU
		{CD27C899-94DA-4D31-8F70-F51DED4314ED}.Debug|x86.ActiveCfg = Debug|Any CPU
		{CD27C899-94DA-4D31-8F70-F51DED4314ED}.Debug|x86.Build.0 = Debug|Any CPU
		{CD27C899-94DA-4D31-8F70-F51DED4314ED}.Release|Any CPU.ActiveCfg = Release|Any CPU
		{CD27C899-94DA-4D31-8F70-F51DED4314ED}.Release|Any CPU.Build.0 = Release|Any CPU
		{CD27C899-94DA-4D31-8F70-F51DED4314ED}.Release|x64.ActiveCfg = Release|Any CPU
		{CD27C899-94DA-4D31-8F70-F51DED4314ED}.Release|x64.Build.0 = Release|Any CPU
		{CD27C899-94DA-4D31-8F70-F51DED4314ED}.Release|x86.ActiveCfg = Release|Any CPU
		{CD27C899-94DA-4D31-8F70-F51DED4314ED}.Release|x86.Build.0 = Release|Any CPU
		{5A06747D-2511-41BC-8458-A64B05338FD0}.Debug|Any CPU.ActiveCfg = Debug|Any CPU
		{5A06747D-2511-41BC-8458-A64B05338FD0}.Debug|Any CPU.Build.0 = Debug|Any CPU
		{5A06747D-2511-41BC-8458-A64B05338FD0}.Debug|x64.ActiveCfg = Debug|Any CPU
		{5A06747D-2511-41BC-8458-A64B05338FD0}.Debug|x64.Build.0 = Debug|Any CPU
		{5A06747D-2511-41BC-8458-A64B05338FD0}.Debug|x86.ActiveCfg = Debug|Any CPU
		{5A06747D-2511-41BC-8458-A64B05338FD0}.Debug|x86.Build.0 = Debug|Any CPU
		{5A06747D-2511-41BC-8458-A64B05338FD0}.Release|Any CPU.ActiveCfg = Release|Any CPU
		{5A06747D-2511-41BC-8458-A64B05338FD0}.Release|Any CPU.Build.0 = Release|Any CPU
		{5A06747D-2511-41BC-8458-A64B05338FD0}.Release|x64.ActiveCfg = Release|Any CPU
		{5A06747D-2511-41BC-8458-A64B05338FD0}.Release|x64.Build.0 = Release|Any CPU
		{5A06747D-2511-41BC-8458-A64B05338FD0}.Release|x86.ActiveCfg = Release|Any CPU
		{5A06747D-2511-41BC-8458-A64B05338FD0}.Release|x86.Build.0 = Release|Any CPU
	EndGlobalSection
	GlobalSection(NestedProjects) = preSolution
		{743943E5-DA5A-4C2C-BF35-02178109B624} = {E09D183B-41F6-4740-A624-4BDE4E46F2A4}
		{F930F379-D0EE-4217-AE75-8A0B93A32774} = {E09D183B-41F6-4740-A624-4BDE4E46F2A4}
		{CD27C899-94DA-4D31-8F70-F51DED4314ED} = {9545DE42-6838-49D4-BD7F-FE1297D36D7B}
		{5A06747D-2511-41BC-8458-A64B05338FD0} = {E09D183B-41F6-4740-A624-4BDE4E46F2A4}
	EndGlobalSection
EndGlobal
